
Microsoft Visual Studio Solution File, Format Version 12.00
# Visual Studio Version 17
VisualStudioVersion = 17.11.34909.67
MinimumVisualStudioVersion = 10.0.40219.1
Project("{FAE04EC0-301F-11D3-BF4B-00C04F79EFBC}") = "ComponentInjection", "ComponentInjection\ComponentInjection.csproj", "{10CE6D0E-C662-4CF7-8B4F-C413F6F2839A}"
EndProject
Project("{FAE04EC0-301F-11D3-BF4B-00C04F79EFBC}") = "ComponentGenerator", "ComponentGenerator\ComponentGenerator.csproj", "{A2706A1A-C955-4B5C-B8C6-FA8C85C66D16}"
EndProject
Global
	GlobalSection(SolutionConfigurationPlatforms) = preSolution
		Debug|Any CPU = Debug|Any CPU
		Release|Any CPU = Release|Any CPU
	EndGlobalSection
	GlobalSection(ProjectConfigurationPlatforms) = postSolution
		{10CE6D0E-C662-4CF7-8B4F-C413F6F2839A}.Debug|Any CPU.ActiveCfg = Debug|Any CPU
		{10CE6D0E-C662-4CF7-8B4F-C413F6F2839A}.Debug|Any CPU.Build.0 = Debug|Any CPU
		{10CE6D0E-C662-4CF7-8B4F-C413F6F2839A}.Release|Any CPU.ActiveCfg = Release|Any CPU
		{10CE6D0E-C662-4CF7-8B4F-C413F6F2839A}.Release|Any CPU.Build.0 = Release|Any CPU
		{A2706A1A-C955-4B5C-B8C6-FA8C85C66D16}.Debug|Any CPU.ActiveCfg = Debug|Any CPU
		{A2706A1A-C955-4B5C-B8C6-FA8C85C66D16}.Debug|Any CPU.Build.0 = Debug|Any CPU
		{A2706A1A-C955-4B5C-B8C6-FA8C85C66D16}.Release|Any CPU.ActiveCfg = Release|Any CPU
		{A2706A1A-C955-4B5C-B8C6-FA8C85C66D16}.Release|Any CPU.Build.0 = Release|Any CPU
	EndGlobalSection
	GlobalSection(SolutionProperties) = preSolution
		HideSolutionNode = FALSE
	EndGlobalSection
	GlobalSection(ExtensibilityGlobals) = postSolution
		SolutionGuid = {3FC8787A-BBA2-4784-9559-C5EC9374A243}
	EndGlobalSection
EndGlobal
